
Microsoft Visual Studio Solution File, Format Version 12.00
# Visual Studio Version 16
VisualStudioVersion = 16.0.30804.86
MinimumVisualStudioVersion = 10.0.40219.1
Project("{FAE04EC0-301F-11D3-BF4B-00C04F79EFBC}") = "TicTacToe", "TicTacToe\TicTacToe.csproj", "{C6A43D03-29A5-4826-B7B2-57F6FB5BF46F}"
EndProject
Global
	GlobalSection(SolutionConfigurationPlatforms) = preSolution
		Debug|Any CPU = Debug|Any CPU
		Release|Any CPU = Release|Any CPU
	EndGlobalSection
	GlobalSection(ProjectConfigurationPlatforms) = postSolution
		{C6A43D03-29A5-4826-B7B2-57F6FB5BF46F}.Debug|Any CPU.ActiveCfg = Debug|Any CPU
		{C6A43D03-29A5-4826-B7B2-57F6FB5BF46F}.Debug|Any CPU.Build.0 = Debug|Any CPU
		{C6A43D03-29A5-4826-B7B2-57F6FB5BF46F}.Release|Any CPU.ActiveCfg = Release|Any CPU
		{C6A43D03-29A5-4826-B7B2-57F6FB5BF46F}.Release|Any CPU.Build.0 = Release|Any CPU
	EndGlobalSection
	GlobalSection(SolutionProperties) = preSolution
		HideSolutionNode = FALSE
	EndGlobalSection
	GlobalSection(ExtensibilityGlobals) = postSolution
		SolutionGuid = {9B3CA60D-337D-4C93-B839-819A00815EB0}
	EndGlobalSection
EndGlobal
